PODS:
  - JXCategoryView (1.5.2)
  - LookinServer (1.0.0)

DEPENDENCIES:
  - JXCategoryView (~> 1.5.2)
  - LookinServer

SPEC REPOS:
  trunk:
    - JXCategoryView
    - LookinServer

SPEC CHECKSUMS:
  JXCategoryView: b284d35a7a8772eada05dd78642233e1eb763ea8
  LookinServer: 0002891cd3cec5e082a910e897dfe71b4f06b89e

PODFILE CHECKSUM: c721c856a90d547832d41c0cdde57c5d58fe7f64

COCOAPODS: 1.8.4
