// !$*UTF8*$!
{
	archiveVersion = 1;
	classes = {
	};
	objectVersion = 50;
	objects = {

/* Begin PBXBuildFile section */
		2C40F7562387D15400C83443 /* AppDelegate.m in Sources */ = {isa = PBXBuildFile; fileRef = 2C40F7552387D15400C83443 /* AppDelegate.m */; };
		2C40F7592387D15400C83443 /* SceneDelegate.m in Sources */ = {isa = PBXBuildFile; fileRef = 2C40F7582387D15400C83443 /* SceneDelegate.m */; };
		2C40F75C2387D15400C83443 /* ViewController.m in Sources */ = {isa = PBXBuildFile; fileRef = 2C40F75B2387D15400C83443 /* ViewController.m */; };
		2C40F75F2387D15400C83443 /* Main.storyboard in Resources */ = {isa = PBXBuildFile; fileRef = 2C40F75D2387D15400C83443 /* Main.storyboard */; };
		2C40F7612387D15600C83443 /* Assets.xcassets in Resources */ = {isa = PBXBuildFile; fileRef = 2C40F7602387D15600C83443 /* Assets.xcassets */; };
		2C40F7642387D15600C83443 /* LaunchScreen.storyboard in Resources */ = {isa = PBXBuildFile; fileRef = 2C40F7622387D15600C83443 /* LaunchScreen.storyboard */; };
		2C40F7672387D15600C83443 /* main.m in Sources */ = {isa = PBXBuildFile; fileRef = 2C40F7662387D15600C83443 /* main.m */; };
		2C40F7712387D15600C83443 /* DianPingAttactedTopDemoTests.m in Sources */ = {isa = PBXBuildFile; fileRef = 2C40F7702387D15600C83443 /* DianPingAttactedTopDemoTests.m */; };
		2C40F77D2387D1AA00C83443 /* SCNScrollView.m in Sources */ = {isa = PBXBuildFile; fileRef = 2C40F77C2387D1AA00C83443 /* SCNScrollView.m */; };
		2C40F7802387D8BB00C83443 /* SCNTabsViewController.m in Sources */ = {isa = PBXBuildFile; fileRef = 2C40F77F2387D8BB00C83443 /* SCNTabsViewController.m */; };
		2C40F7832387DACA00C83443 /* SCNTabContentViewController.m in Sources */ = {isa = PBXBuildFile; fileRef = 2C40F7822387DACA00C83443 /* SCNTabContentViewController.m */; };
		2C40F7862387DE4000C83443 /* SCNTabMenuViewController.m in Sources */ = {isa = PBXBuildFile; fileRef = 2C40F7852387DE4000C83443 /* SCNTabMenuViewController.m */; };
		2C40F7892387DE8400C83443 /* SCNTopViewController.m in Sources */ = {isa = PBXBuildFile; fileRef = 2C40F7882387DE8400C83443 /* SCNTopViewController.m */; };
		3F680809300A613169F8012E /* Pods_DianPingAttactedTopDemoTests.framework in Frameworks */ = {isa = PBXBuildFile; fileRef = 8384D535793D8C99DDAF07F2 /* Pods_DianPingAttactedTopDemoTests.framework */; };
		99EBF0C05166250EE2BE7DFC /* Pods_DianPingAttactedTopDemo.framework in Frameworks */ = {isa = PBXBuildFile; fileRef = B6449AD710B469FBF363C5AB /* Pods_DianPingAttactedTopDemo.framework */; };
/* End PBXBuildFile section */

/* Begin PBXContainerItemProxy section */
		2C40F76D2387D15600C83443 /* PBXContainerItemProxy */ = {
			isa = PBXContainerItemProxy;
			containerPortal = 2C40F7492387D15400C83443 /* Project object */;
			proxyType = 1;
			remoteGlobalIDString = 2C40F7502387D15400C83443;
			remoteInfo = DianPingAttactedTopDemo;
		};
/* End PBXContainerItemProxy section */

/* Begin PBXFileReference section */
		2C40F7512387D15400C83443 /* DianPingAttactedTopDemo.app */ = {isa = PBXFileReference; explicitFileType = wrapper.application; includeInIndex = 0; path = DianPingAttactedTopDemo.app; sourceTree = BUILT_PRODUCTS_DIR; };
		2C40F7542387D15400C83443 /* AppDelegate.h */ = {isa = PBXFileReference; lastKnownFileType = sourcecode.c.h; path = AppDelegate.h; sourceTree = "<group>"; };
		2C40F7552387D15400C83443 /* AppDelegate.m */ = {isa = PBXFileReference; lastKnownFileType = sourcecode.c.objc; path = AppDelegate.m; sourceTree = "<group>"; };
		2C40F7572387D15400C83443 /* SceneDelegate.h */ = {isa = PBXFileReference; lastKnownFileType = sourcecode.c.h; path = SceneDelegate.h; sourceTree = "<group>"; };
		2C40F7582387D15400C83443 /* SceneDelegate.m */ = {isa = PBXFileReference; lastKnownFileType = sourcecode.c.objc; path = SceneDelegate.m; sourceTree = "<group>"; };
		2C40F75A2387D15400C83443 /* ViewController.h */ = {isa = PBXFileReference; lastKnownFileType = sourcecode.c.h; path = ViewController.h; sourceTree = "<group>"; };
		2C40F75B2387D15400C83443 /* ViewController.m */ = {isa = PBXFileReference; lastKnownFileType = sourcecode.c.objc; path = ViewController.m; sourceTree = "<group>"; };
		2C40F75E2387D15400C83443 /* Base */ = {isa = PBXFileReference; lastKnownFileType = file.storyboard; name = Base; path = Base.lproj/Main.storyboard; sourceTree = "<group>"; };
		2C40F7602387D15600C83443 /* Assets.xcassets */ = {isa = PBXFileReference; lastKnownFileType = folder.assetcatalog; path = Assets.xcassets; sourceTree = "<group>"; };
		2C40F7632387D15600C83443 /* Base */ = {isa = PBXFileReference; lastKnownFileType = file.storyboard; name = Base; path = Base.lproj/LaunchScreen.storyboard; sourceTree = "<group>"; };
		2C40F7652387D15600C83443 /* Info.plist */ = {isa = PBXFileReference; lastKnownFileType = text.plist.xml; path = Info.plist; sourceTree = "<group>"; };
		2C40F7662387D15600C83443 /* main.m */ = {isa = PBXFileReference; lastKnownFileType = sourcecode.c.objc; path = main.m; sourceTree = "<group>"; };
		2C40F76C2387D15600C83443 /* DianPingAttactedTopDemoTests.xctest */ = {isa = PBXFileReference; explicitFileType = wrapper.cfbundle; includeInIndex = 0; path = DianPingAttactedTopDemoTests.xctest; sourceTree = BUILT_PRODUCTS_DIR; };
		2C40F7702387D15600C83443 /* DianPingAttactedTopDemoTests.m */ = {isa = PBXFileReference; lastKnownFileType = sourcecode.c.objc; path = DianPingAttactedTopDemoTests.m; sourceTree = "<group>"; };
		2C40F7722387D15600C83443 /* Info.plist */ = {isa = PBXFileReference; lastKnownFileType = text.plist.xml; path = Info.plist; sourceTree = "<group>"; };
		2C40F77B2387D1AA00C83443 /* SCNScrollView.h */ = {isa = PBXFileReference; lastKnownFileType = sourcecode.c.h; path = SCNScrollView.h; sourceTree = "<group>"; };
		2C40F77C2387D1AA00C83443 /* SCNScrollView.m */ = {isa = PBXFileReference; lastKnownFileType = sourcecode.c.objc; path = SCNScrollView.m; sourceTree = "<group>"; };
		2C40F77E2387D8BB00C83443 /* SCNTabsViewController.h */ = {isa = PBXFileReference; lastKnownFileType = sourcecode.c.h; path = SCNTabsViewController.h; sourceTree = "<group>"; };
		2C40F77F2387D8BB00C83443 /* SCNTabsViewController.m */ = {isa = PBXFileReference; lastKnownFileType = sourcecode.c.objc; path = SCNTabsViewController.m; sourceTree = "<group>"; };
		2C40F7812387DACA00C83443 /* SCNTabContentViewController.h */ = {isa = PBXFileReference; lastKnownFileType = sourcecode.c.h; path = SCNTabContentViewController.h; sourceTree = "<group>"; };
		2C40F7822387DACA00C83443 /* SCNTabContentViewController.m */ = {isa = PBXFileReference; lastKnownFileType = sourcecode.c.objc; path = SCNTabContentViewController.m; sourceTree = "<group>"; };
		2C40F7842387DE4000C83443 /* SCNTabMenuViewController.h */ = {isa = PBXFileReference; lastKnownFileType = sourcecode.c.h; path = SCNTabMenuViewController.h; sourceTree = "<group>"; };
		2C40F7852387DE4000C83443 /* SCNTabMenuViewController.m */ = {isa = PBXFileReference; lastKnownFileType = sourcecode.c.objc; path = SCNTabMenuViewController.m; sourceTree = "<group>"; };
		2C40F7872387DE8400C83443 /* SCNTopViewController.h */ = {isa = PBXFileReference; lastKnownFileType = sourcecode.c.h; path = SCNTopViewController.h; sourceTree = "<group>"; };
		2C40F7882387DE8400C83443 /* SCNTopViewController.m */ = {isa = PBXFileReference; lastKnownFileType = sourcecode.c.objc; path = SCNTopViewController.m; sourceTree = "<group>"; };
		6A27A362050419B236D4F9B1 /* Pods-DianPingAttactedTopDemoTests.release.xcconfig */ = {isa = PBXFileReference; includeInIndex = 1; lastKnownFileType = text.xcconfig; name = "Pods-DianPingAttactedTopDemoTests.release.xcconfig"; path = "Target Support Files/Pods-DianPingAttactedTopDemoTests/Pods-DianPingAttactedTopDemoTests.release.xcconfig"; sourceTree = "<group>"; };
		7A79C921CFF37462755591A2 /* Pods-DianPingAttactedTopDemoTests.debug.xcconfig */ = {isa = PBXFileReference; includeInIndex = 1; lastKnownFileType = text.xcconfig; name = "Pods-DianPingAttactedTopDemoTests.debug.xcconfig"; path = "Target Support Files/Pods-DianPingAttactedTopDemoTests/Pods-DianPingAttactedTopDemoTests.debug.xcconfig"; sourceTree = "<group>"; };
		8384D535793D8C99DDAF07F2 /* Pods_DianPingAttactedTopDemoTests.framework */ = {isa = PBXFileReference; explicitFileType = wrapper.framework; includeInIndex = 0; path = Pods_DianPingAttactedTopDemoTests.framework; sourceTree = BUILT_PRODUCTS_DIR; };
		85252C2E6D82E9FEC723283E /* Pods-DianPingAttactedTopDemo.debug.xcconfig */ = {isa = PBXFileReference; includeInIndex = 1; lastKnownFileType = text.xcconfig; name = "Pods-DianPingAttactedTopDemo.debug.xcconfig"; path = "Target Support Files/Pods-DianPingAttactedTopDemo/Pods-DianPingAttactedTopDemo.debug.xcconfig"; sourceTree = "<group>"; };
		B6449AD710B469FBF363C5AB /* Pods_DianPingAttactedTopDemo.framework */ = {isa = PBXFileReference; explicitFileType = wrapper.framework; includeInIndex = 0; path = Pods_DianPingAttactedTopDemo.framework; sourceTree = BUILT_PRODUCTS_DIR; };
		E3C8521E59088F05791AC33F /* Pods-DianPingAttactedTopDemo.release.xcconfig */ = {isa = PBXFileReference; includeInIndex = 1; lastKnownFileType = text.xcconfig; name = "Pods-DianPingAttactedTopDemo.release.xcconfig"; path = "Target Support Files/Pods-DianPingAttactedTopDemo/Pods-DianPingAttactedTopDemo.release.xcconfig"; sourceTree = "<group>"; };
/* End PBXFileReference section */

/* Begin PBXFrameworksBuildPhase section */
		2C40F74E2387D15400C83443 /* Frameworks */ = {
			isa = PBXFrameworksBuildPhase;
			buildActionMask = 2147483647;
			files = (
				99EBF0C05166250EE2BE7DFC /* Pods_DianPingAttactedTopDemo.framework in Frameworks */,
			);
			runOnlyForDeploymentPostprocessing = 0;
		};
		2C40F7692387D15600C83443 /* Frameworks */ = {
			isa = PBXFrameworksBuildPhase;
			buildActionMask = 2147483647;
			files = (
				3F680809300A613169F8012E /* Pods_DianPingAttactedTopDemoTests.framework in Frameworks */,
			);
			runOnlyForDeploymentPostprocessing = 0;
		};
/* End PBXFrameworksBuildPhase section */

/* Begin PBXGroup section */
		1B4973272D85CBE4022553D2 /* Frameworks */ = {
			isa = PBXGroup;
			children = (
				B6449AD710B469FBF363C5AB /* Pods_DianPingAttactedTopDemo.framework */,
				8384D535793D8C99DDAF07F2 /* Pods_DianPingAttactedTopDemoTests.framework */,
			);
			name = Frameworks;
			sourceTree = "<group>";
		};
		2C40F7482387D15400C83443 = {
			isa = PBXGroup;
			children = (
				2C40F7532387D15400C83443 /* DianPingAttactedTopDemo */,
				2C40F76F2387D15600C83443 /* DianPingAttactedTopDemoTests */,
				2C40F7522387D15400C83443 /* Products */,
				A95EA283D4F41DD9008DB5AD /* Pods */,
				1B4973272D85CBE4022553D2 /* Frameworks */,
			);
			sourceTree = "<group>";
		};
		2C40F7522387D15400C83443 /* Products */ = {
			isa = PBXGroup;
			children = (
				2C40F7512387D15400C83443 /* DianPingAttactedTopDemo.app */,
				2C40F76C2387D15600C83443 /* DianPingAttactedTopDemoTests.xctest */,
			);
			name = Products;
			sourceTree = "<group>";
		};
		2C40F7532387D15400C83443 /* DianPingAttactedTopDemo */ = {
			isa = PBXGroup;
			children = (
				2C40F7542387D15400C83443 /* AppDelegate.h */,
				2C40F7552387D15400C83443 /* AppDelegate.m */,
				2C40F7572387D15400C83443 /* SceneDelegate.h */,
				2C40F7582387D15400C83443 /* SceneDelegate.m */,
				2C40F75A2387D15400C83443 /* ViewController.h */,
				2C40F75B2387D15400C83443 /* ViewController.m */,
				2C40F77B2387D1AA00C83443 /* SCNScrollView.h */,
				2C40F77C2387D1AA00C83443 /* SCNScrollView.m */,
				2C40F75D2387D15400C83443 /* Main.storyboard */,
				2C40F77E2387D8BB00C83443 /* SCNTabsViewController.h */,
				2C40F77F2387D8BB00C83443 /* SCNTabsViewController.m */,
				2C40F7812387DACA00C83443 /* SCNTabContentViewController.h */,
				2C40F7822387DACA00C83443 /* SCNTabContentViewController.m */,
				2C40F7842387DE4000C83443 /* SCNTabMenuViewController.h */,
				2C40F7852387DE4000C83443 /* SCNTabMenuViewController.m */,
				2C40F7872387DE8400C83443 /* SCNTopViewController.h */,
				2C40F7882387DE8400C83443 /* SCNTopViewController.m */,
				2C40F7602387D15600C83443 /* Assets.xcassets */,
				2C40F7622387D15600C83443 /* LaunchScreen.storyboard */,
				2C40F7652387D15600C83443 /* Info.plist */,
				2C40F7662387D15600C83443 /* main.m */,
			);
			path = DianPingAttactedTopDemo;
			sourceTree = "<group>";
		};
		2C40F76F2387D15600C83443 /* DianPingAttactedTopDemoTests */ = {
			isa = PBXGroup;
			children = (
				2C40F7702387D15600C83443 /* DianPingAttactedTopDemoTests.m */,
				2C40F7722387D15600C83443 /* Info.plist */,
			);
			path = DianPingAttactedTopDemoTests;
			sourceTree = "<group>";
		};
		A95EA283D4F41DD9008DB5AD /* Pods */ = {
			isa = PBXGroup;
			children = (
				85252C2E6D82E9FEC723283E /* Pods-DianPingAttactedTopDemo.debug.xcconfig */,
				E3C8521E59088F05791AC33F /* Pods-DianPingAttactedTopDemo.release.xcconfig */,
				7A79C921CFF37462755591A2 /* Pods-DianPingAttactedTopDemoTests.debug.xcconfig */,
				6A27A362050419B236D4F9B1 /* Pods-DianPingAttactedTopDemoTests.release.xcconfig */,
			);
			name = Pods;
			path = Pods;
			sourceTree = "<group>";
		};
/* End PBXGroup section */

/* Begin PBXNativeTarget section */
		2C40F7502387D15400C83443 /* DianPingAttactedTopDemo */ = {
			isa = PBXNativeTarget;
			buildConfigurationList = 2C40F7752387D15600C83443 /* Build configuration list for PBXNativeTarget "DianPingAttactedTopDemo" */;
			buildPhases = (
				021DE62F4D0817F1E0104C28 /* [CP] Check Pods Manifest.lock */,
				2C40F74D2387D15400C83443 /* Sources */,
				2C40F74E2387D15400C83443 /* Frameworks */,
				2C40F74F2387D15400C83443 /* Resources */,
				B5FF44015742611EB0CC53B3 /* [CP] Embed Pods Frameworks */,
			);
			buildRules = (
			);
			dependencies = (
			);
			name = DianPingAttactedTopDemo;
			productName = DianPingAttactedTopDemo;
			productReference = 2C40F7512387D15400C83443 /* DianPingAttactedTopDemo.app */;
			productType = "com.apple.product-type.application";
		};
		2C40F76B2387D15600C83443 /* DianPingAttactedTopDemoTests */ = {
			isa = PBXNativeTarget;
			buildConfigurationList = 2C40F7782387D15600C83443 /* Build configuration list for PBXNativeTarget "DianPingAttactedTopDemoTests" */;
			buildPhases = (
				AB80BA3864D9BDDB8F023E8F /* [CP] Check Pods Manifest.lock */,
				2C40F7682387D15600C83443 /* Sources */,
				2C40F7692387D15600C83443 /* Frameworks */,
				2C40F76A2387D15600C83443 /* Resources */,
			);
			buildRules = (
			);
			dependencies = (
				2C40F76E2387D15600C83443 /* PBXTargetDependency */,
			);
			name = DianPingAttactedTopDemoTests;
			productName = DianPingAttactedTopDemoTests;
			productReference = 2C40F76C2387D15600C83443 /* DianPingAttactedTopDemoTests.xctest */;
			productType = "com.apple.product-type.bundle.unit-test";
		};
/* End PBXNativeTarget section */

/* Begin PBXProject section */
		2C40F7492387D15400C83443 /* Project object */ = {
			isa = PBXProject;
			attributes = {
				LastUpgradeCheck = 1110;
				ORGANIZATIONNAME = stephenchiang.net;
				TargetAttributes = {
					2C40F7502387D15400C83443 = {
						CreatedOnToolsVersion = 11.1;
					};
					2C40F76B2387D15600C83443 = {
						CreatedOnToolsVersion = 11.1;
						TestTargetID = 2C40F7502387D15400C83443;
					};
				};
			};
			buildConfigurationList = 2C40F74C2387D15400C83443 /* Build configuration list for PBXProject "DianPingAttactedTopDemo" */;
			compatibilityVersion = "Xcode 9.3";
			developmentRegion = en;
			hasScannedForEncodings = 0;
			knownRegions = (
				en,
				Base,
			);
			mainGroup = 2C40F7482387D15400C83443;
			productRefGroup = 2C40F7522387D15400C83443 /* Products */;
			projectDirPath = "";
			projectRoot = "";
			targets = (
				2C40F7502387D15400C83443 /* DianPingAttactedTopDemo */,
				2C40F76B2387D15600C83443 /* DianPingAttactedTopDemoTests */,
			);
		};
/* End PBXProject section */

/* Begin PBXResourcesBuildPhase section */
		2C40F74F2387D15400C83443 /* Resources */ = {
			isa = PBXResourcesBuildPhase;
			buildActionMask = 2147483647;
			files = (
				2C40F7642387D15600C83443 /* LaunchScreen.storyboard in Resources */,
				2C40F7612387D15600C83443 /* Assets.xcassets in Resources */,
				2C40F75F2387D15400C83443 /* Main.storyboard in Resources */,
			);
			runOnlyForDeploymentPostprocessing = 0;
		};
		2C40F76A2387D15600C83443 /* Resources */ = {
			isa = PBXResourcesBuildPhase;
			buildActionMask = 2147483647;
			files = (
			);
			runOnlyForDeploymentPostprocessing = 0;
		};
/* End PBXResourcesBuildPhase section */

/* Begin PBXShellScriptBuildPhase section */
		021DE62F4D0817F1E0104C28 /* [CP] Check Pods Manifest.lock */ = {
			isa = PBXShellScriptBuildPhase;
			buildActionMask = 2147483647;
			files = (
			);
			inputFileListPaths = (
			);
			inputPaths = (
				"${PODS_PODFILE_DIR_PATH}/Podfile.lock",
				"${PODS_ROOT}/Manifest.lock",
			);
			name = "[CP] Check Pods Manifest.lock";
			outputFileListPaths = (
			);
			outputPaths = (
				"$(DERIVED_FILE_DIR)/Pods-DianPingAttactedTopDemo-checkManifestLockResult.txt",
			);
			runOnlyForDeploymentPostprocessing = 0;
			shellPath = /bin/sh;
			shellScript = "diff \"${PODS_PODFILE_DIR_PATH}/Podfile.lock\" \"${PODS_ROOT}/Manifest.lock\" > /dev/null\nif [ $? != 0 ] ; then\n    # print error to STDERR\n    echo \"error: The sandbox is not in sync with the Podfile.lock. Run 'pod install' or update your CocoaPods installation.\" >&2\n    exit 1\nfi\n# This output is used by Xcode 'outputs' to avoid re-running this script phase.\necho \"SUCCESS\" > \"${SCRIPT_OUTPUT_FILE_0}\"\n";
			showEnvVarsInLog = 0;
		};
		AB80BA3864D9BDDB8F023E8F /* [CP] Check Pods Manifest.lock */ = {
			isa = PBXShellScriptBuildPhase;
			buildActionMask = 2147483647;
			files = (
			);
			inputFileListPaths = (
			);
			inputPaths = (
				"${PODS_PODFILE_DIR_PATH}/Podfile.lock",
				"${PODS_ROOT}/Manifest.lock",
			);
			name = "[CP] Check Pods Manifest.lock";
			outputFileListPaths = (
			);
			outputPaths = (
				"$(DERIVED_FILE_DIR)/Pods-DianPingAttactedTopDemoTests-checkManifestLockResult.txt",
			);
			runOnlyForDeploymentPostprocessing = 0;
			shellPath = /bin/sh;
			shellScript = "diff \"${PODS_PODFILE_DIR_PATH}/Podfile.lock\" \"${PODS_ROOT}/Manifest.lock\" > /dev/null\nif [ $? != 0 ] ; then\n    # print error to STDERR\n    echo \"error: The sandbox is not in sync with the Podfile.lock. Run 'pod install' or update your CocoaPods installation.\" >&2\n    exit 1\nfi\n# This output is used by Xcode 'outputs' to avoid re-running this script phase.\necho \"SUCCESS\" > \"${SCRIPT_OUTPUT_FILE_0}\"\n";
			showEnvVarsInLog = 0;
		};
		B5FF44015742611EB0CC53B3 /* [CP] Embed Pods Frameworks */ = {
			isa = PBXShellScriptBuildPhase;
			buildActionMask = 2147483647;
			files = (
			);
			inputFileListPaths = (
				"${PODS_ROOT}/Target Support Files/Pods-DianPingAttactedTopDemo/Pods-DianPingAttactedTopDemo-frameworks-${CONFIGURATION}-input-files.xcfilelist",
			);
			name = "[CP] Embed Pods Frameworks";
			outputFileListPaths = (
				"${PODS_ROOT}/Target Support Files/Pods-DianPingAttactedTopDemo/Pods-DianPingAttactedTopDemo-frameworks-${CONFIGURATION}-output-files.xcfilelist",
			);
			runOnlyForDeploymentPostprocessing = 0;
			shellPath = /bin/sh;
			shellScript = "\"${PODS_ROOT}/Target Support Files/Pods-DianPingAttactedTopDemo/Pods-DianPingAttactedTopDemo-frameworks.sh\"\n";
			showEnvVarsInLog = 0;
		};
/* End PBXShellScriptBuildPhase section */

/* Begin PBXSourcesBuildPhase section */
		2C40F74D2387D15400C83443 /* Sources */ = {
			isa = PBXSourcesBuildPhase;
			buildActionMask = 2147483647;
			files = (
				2C40F75C2387D15400C83443 /* ViewController.m in Sources */,
				2C40F7802387D8BB00C83443 /* SCNTabsViewController.m in Sources */,
				2C40F7832387DACA00C83443 /* SCNTabContentViewController.m in Sources */,
				2C40F7892387DE8400C83443 /* SCNTopViewController.m in Sources */,
				2C40F7562387D15400C83443 /* AppDelegate.m in Sources */,
				2C40F7862387DE4000C83443 /* SCNTabMenuViewController.m in Sources */,
				2C40F7672387D15600C83443 /* main.m in Sources */,
				2C40F7592387D15400C83443 /* SceneDelegate.m in Sources */,
				2C40F77D2387D1AA00C83443 /* SCNScrollView.m in Sources */,
			);
			runOnlyForDeploymentPostprocessing = 0;
		};
		2C40F7682387D15600C83443 /* Sources */ = {
			isa = PBXSourcesBuildPhase;
			buildActionMask = 2147483647;
			files = (
				2C40F7712387D15600C83443 /* DianPingAttactedTopDemoTests.m in Sources */,
			);
			runOnlyForDeploymentPostprocessing = 0;
		};
/* End PBXSourcesBuildPhase section */

/* Begin PBXTargetDependency section */
		2C40F76E2387D15600C83443 /* PBXTargetDependency */ = {
			isa = PBXTargetDependency;
			target = 2C40F7502387D15400C83443 /* DianPingAttactedTopDemo */;
			targetProxy = 2C40F76D2387D15600C83443 /* PBXContainerItemProxy */;
		};
/* End PBXTargetDependency section */

/* Begin PBXVariantGroup section */
		2C40F75D2387D15400C83443 /* Main.storyboard */ = {
			isa = PBXVariantGroup;
			children = (
				2C40F75E2387D15400C83443 /* Base */,
			);
			name = Main.storyboard;
			sourceTree = "<group>";
		};
		2C40F7622387D15600C83443 /* LaunchScreen.storyboard */ = {
			isa = PBXVariantGroup;
			children = (
				2C40F7632387D15600C83443 /* Base */,
			);
			name = LaunchScreen.storyboard;
			sourceTree = "<group>";
		};
/* End PBXVariantGroup section */

/* Begin XCBuildConfiguration section */
		2C40F7732387D15600C83443 /* Debug */ = {
			isa = XCBuildConfiguration;
			buildSettings = {
				ALWAYS_SEARCH_USER_PATHS = NO;
				CLANG_ANALYZER_NONNULL = YES;
				CLANG_ANALYZER_NUMBER_OBJECT_CONVERSION = YES_AGGRESSIVE;
				CLANG_CXX_LANGUAGE_STANDARD = "gnu++14";
				CLANG_CXX_LIBRARY = "libc++";
				CLANG_ENABLE_MODULES = YES;
				CLANG_ENABLE_OBJC_ARC = YES;
				CLANG_ENABLE_OBJC_WEAK = YES;
				CLANG_WARN_BLOCK_CAPTURE_AUTORELEASING = YES;
				CLANG_WARN_BOOL_CONVERSION = YES;
				CLANG_WARN_COMMA = YES;
				CLANG_WARN_CONSTANT_CONVERSION = YES;
				CLANG_WARN_DEPRECATED_OBJC_IMPLEMENTATIONS = YES;
				CLANG_WARN_DIRECT_OBJC_ISA_USAGE = YES_ERROR;
				CLANG_WARN_DOCUMENTATION_COMMENTS = YES;
				CLANG_WARN_EMPTY_BODY = YES;
				CLANG_WARN_ENUM_CONVERSION = YES;
				CLANG_WARN_INFINITE_RECURSION = YES;
				CLANG_WARN_INT_CONVERSION = YES;
				CLANG_WARN_NON_LITERAL_NULL_CONVERSION = YES;
				CLANG_WARN_OBJC_IMPLICIT_RETAIN_SELF = YES;
				CLANG_WARN_OBJC_LITERAL_CONVERSION = YES;
				CLANG_WARN_OBJC_ROOT_CLASS = YES_ERROR;
				CLANG_WARN_RANGE_LOOP_ANALYSIS = YES;
				CLANG_WARN_STRICT_PROTOTYPES = YES;
				CLANG_WARN_SUSPICIOUS_MOVE = YES;
				CLANG_WARN_UNGUARDED_AVAILABILITY = YES_AGGRESSIVE;
				CLANG_WARN_UNREACHABLE_CODE = YES;
				CLANG_WARN__DUPLICATE_METHOD_MATCH = YES;
				COPY_PHASE_STRIP = NO;
				DEBUG_INFORMATION_FORMAT = dwarf;
				ENABLE_STRICT_OBJC_MSGSEND = YES;
				ENABLE_TESTABILITY = YES;
				GCC_C_LANGUAGE_STANDARD = gnu11;
				GCC_DYNAMIC_NO_PIC = NO;
				GCC_NO_COMMON_BLOCKS = YES;
				GCC_OPTIMIZATION_LEVEL = 0;
				GCC_PREPROCESSOR_DEFINITIONS = (
					"DEBUG=1",
					"$(inherited)",
				);
				GCC_WARN_64_TO_32_BIT_CONVERSION = YES;
				GCC_WARN_ABOUT_RETURN_TYPE = YES_ERROR;
				GCC_WARN_UNDECLARED_SELECTOR = YES;
				GCC_WARN_UNINITIALIZED_AUTOS = YES_AGGRESSIVE;
				GCC_WARN_UNUSED_FUNCTION = YES;
				GCC_WARN_UNUSED_VARIABLE = YES;
				IPHONEOS_DEPLOYMENT_TARGET = 13.1;
				MTL_ENABLE_DEBUG_INFO = INCLUDE_SOURCE;
				MTL_FAST_MATH = YES;
				ONLY_ACTIVE_ARCH = YES;
				SDKROOT = iphoneos;
			};
			name = Debug;
		};
		2C40F7742387D15600C83443 /* Release */ = {
			isa = XCBuildConfiguration;
			buildSettings = {
				ALWAYS_SEARCH_USER_PATHS = NO;
				CLANG_ANALYZER_NONNULL = YES;
				CLANG_ANALYZER_NUMBER_OBJECT_CONVERSION = YES_AGGRESSIVE;
				CLANG_CXX_LANGUAGE_STANDARD = "gnu++14";
				CLANG_CXX_LIBRARY = "libc++";
				CLANG_ENABLE_MODULES = YES;
				CLANG_ENABLE_OBJC_ARC = YES;
				CLANG_ENABLE_OBJC_WEAK = YES;
				CLANG_WARN_BLOCK_CAPTURE_AUTORELEASING = YES;
				CLANG_WARN_BOOL_CONVERSION = YES;
				CLANG_WARN_COMMA = YES;
				CLANG_WARN_CONSTANT_CONVERSION = YES;
				CLANG_WARN_DEPRECATED_OBJC_IMPLEMENTATIONS = YES;
				CLANG_WARN_DIRECT_OBJC_ISA_USAGE = YES_ERROR;
				CLANG_WARN_DOCUMENTATION_COMMENTS = YES;
				CLANG_WARN_EMPTY_BODY = YES;
				CLANG_WARN_ENUM_CONVERSION = YES;
				CLANG_WARN_INFINITE_RECURSION = YES;
				CLANG_WARN_INT_CONVERSION = YES;
				CLANG_WARN_NON_LITERAL_NULL_CONVERSION = YES;
				CLANG_WARN_OBJC_IMPLICIT_RETAIN_SELF = YES;
				CLANG_WARN_OBJC_LITERAL_CONVERSION = YES;
				CLANG_WARN_OBJC_ROOT_CLASS = YES_ERROR;
				CLANG_WARN_RANGE_LOOP_ANALYSIS = YES;
				CLANG_WARN_STRICT_PROTOTYPES = YES;
				CLANG_WARN_SUSPICIOUS_MOVE = YES;
				CLANG_WARN_UNGUARDED_AVAILABILITY = YES_AGGRESSIVE;
				CLANG_WARN_UNREACHABLE_CODE = YES;
				CLANG_WARN__DUPLICATE_METHOD_MATCH = YES;
				COPY_PHASE_STRIP = NO;
				DEBUG_INFORMATION_FORMAT = "dwarf-with-dsym";
				ENABLE_NS_ASSERTIONS = NO;
				ENABLE_STRICT_OBJC_MSGSEND = YES;
				GCC_C_LANGUAGE_STANDARD = gnu11;
				GCC_NO_COMMON_BLOCKS = YES;
				GCC_WARN_64_TO_32_BIT_CONVERSION = YES;
				GCC_WARN_ABOUT_RETURN_TYPE = YES_ERROR;
				GCC_WARN_UNDECLARED_SELECTOR = YES;
				GCC_WARN_UNINITIALIZED_AUTOS = YES_AGGRESSIVE;
				GCC_WARN_UNUSED_FUNCTION = YES;
				GCC_WARN_UNUSED_VARIABLE = YES;
				IPHONEOS_DEPLOYMENT_TARGET = 13.1;
				MTL_ENABLE_DEBUG_INFO = NO;
				MTL_FAST_MATH = YES;
				SDKROOT = iphoneos;
				VALIDATE_PRODUCT = YES;
			};
			name = Release;
		};
		2C40F7762387D15600C83443 /* Debug */ = {
			isa = XCBuildConfiguration;
			baseConfigurationReference = 85252C2E6D82E9FEC723283E /* Pods-DianPingAttactedTopDemo.debug.xcconfig */;
			buildSettings = {
				ASSETCATALOG_COMPILER_APPICON_NAME = AppIcon;
				CODE_SIGN_STYLE = Automatic;
				DEVELOPMENT_TEAM = V455LT9HQ8;
				INFOPLIST_FILE = DianPingAttactedTopDemo/Info.plist;
				LD_RUNPATH_SEARCH_PATHS = (
					"$(inherited)",
					"@executable_path/Frameworks",
				);
				PRODUCT_BUNDLE_IDENTIFIER = net.stephenchiang.DianPingAttactedTopDemo;
				PRODUCT_NAME = "$(TARGET_NAME)";
				TARGETED_DEVICE_FAMILY = "1,2";
			};
			name = Debug;
		};
		2C40F7772387D15600C83443 /* Release */ = {
			isa = XCBuildConfiguration;
			baseConfigurationReference = E3C8521E59088F05791AC33F /* Pods-DianPingAttactedTopDemo.release.xcconfig */;
			buildSettings = {
				ASSETCATALOG_COMPILER_APPICON_NAME = AppIcon;
				CODE_SIGN_STYLE = Automatic;
				DEVELOPMENT_TEAM = V455LT9HQ8;
				INFOPLIST_FILE = DianPingAttactedTopDemo/Info.plist;
				LD_RUNPATH_SEARCH_PATHS = (
					"$(inherited)",
					"@executable_path/Frameworks",
				);
				PRODUCT_BUNDLE_IDENTIFIER = net.stephenchiang.DianPingAttactedTopDemo;
				PRODUCT_NAME = "$(TARGET_NAME)";
				TARGETED_DEVICE_FAMILY = "1,2";
			};
			name = Release;
		};
		2C40F7792387D15600C83443 /* Debug */ = {
			isa = XCBuildConfiguration;
			baseConfigurationReference = 7A79C921CFF37462755591A2 /* Pods-DianPingAttactedTopDemoTests.debug.xcconfig */;
			buildSettings = {
				BUNDLE_LOADER = "$(TEST_HOST)";
				CODE_SIGN_STYLE = Automatic;
				DEVELOPMENT_TEAM = V455LT9HQ8;
				INFOPLIST_FILE = DianPingAttactedTopDemoTests/Info.plist;
				IPHONEOS_DEPLOYMENT_TARGET = 13.1;
				LD_RUNPATH_SEARCH_PATHS = (
					"$(inherited)",
					"@executable_path/Frameworks",
					"@loader_path/Frameworks",
				);
				PRODUCT_BUNDLE_IDENTIFIER = net.stephenchiang.DianPingAttactedTopDemoTests;
				PRODUCT_NAME = "$(TARGET_NAME)";
				TARGETED_DEVICE_FAMILY = "1,2";
				TEST_HOST = "$(BUILT_PRODUCTS_DIR)/DianPingAttactedTopDemo.app/DianPingAttactedTopDemo";
			};
			name = Debug;
		};
		2C40F77A2387D15600C83443 /* Release */ = {
			isa = XCBuildConfiguration;
			baseConfigurationReference = 6A27A362050419B236D4F9B1 /* Pods-DianPingAttactedTopDemoTests.release.xcconfig */;
			buildSettings = {
				BUNDLE_LOADER = "$(TEST_HOST)";
				CODE_SIGN_STYLE = Automatic;
				DEVELOPMENT_TEAM = V455LT9HQ8;
				INFOPLIST_FILE = DianPingAttactedTopDemoTests/Info.plist;
				IPHONEOS_DEPLOYMENT_TARGET = 13.1;
				LD_RUNPATH_SEARCH_PATHS = (
					"$(inherited)",
					"@executable_path/Frameworks",
					"@loader_path/Frameworks",
				);
				PRODUCT_BUNDLE_IDENTIFIER = net.stephenchiang.DianPingAttactedTopDemoTests;
				PRODUCT_NAME = "$(TARGET_NAME)";
				TARGETED_DEVICE_FAMILY = "1,2";
				TEST_HOST = "$(BUILT_PRODUCTS_DIR)/DianPingAttactedTopDemo.app/DianPingAttactedTopDemo";
			};
			name = Release;
		};
/* End XCBuildConfiguration section */

/* Begin XCConfigurationList section */
		2C40F74C2387D15400C83443 /* Build configuration list for PBXProject "DianPingAttactedTopDemo" */ = {
			isa = XCConfigurationList;
			buildConfigurations = (
				2C40F7732387D15600C83443 /* Debug */,
				2C40F7742387D15600C83443 /* Release */,
			);
			defaultConfigurationIsVisible = 0;
			defaultConfigurationName = Release;
		};
		2C40F7752387D15600C83443 /* Build configuration list for PBXNativeTarget "DianPingAttactedTopDemo" */ = {
			isa = XCConfigurationList;
			buildConfigurations = (
				2C40F7762387D15600C83443 /* Debug */,
				2C40F7772387D15600C83443 /* Release */,
			);
			defaultConfigurationIsVisible = 0;
			defaultConfigurationName = Release;
		};
		2C40F7782387D15600C83443 /* Build configuration list for PBXNativeTarget "DianPingAttactedTopDemoTests" */ = {
			isa = XCConfigurationList;
			buildConfigurations = (
				2C40F7792387D15600C83443 /* Debug */,
				2C40F77A2387D15600C83443 /* Release */,
			);
			defaultConfigurationIsVisible = 0;
			defaultConfigurationName = Release;
		};
/* End XCConfigurationList section */
	};
	rootObject = 2C40F7492387D15400C83443 /* Project object */;
}
